# Exact pip overlay on conda-linux-64.lock, including pip replacements of Conda packages.
# Run from repository root with --no-deps --ignore-installed --require-hashes.
# The hashes select downloaded CPython 3.10 / Linux wheels; original tags are in the snapshot.
absl-py==2.1.0 --hash=sha256:526a04eadab8b4ee719ce68f204172ead1027549089702d99b9059f129ff1308
annotated-types==0.7.0 --hash=sha256:1f02e8b43a8fbbc3f3e0d4f0f4bfc8131bcb4eebe8849b8e5c773f3a1c582a53
av==13.1.0 --hash=sha256:1d568c4d7a36df52c0774d52e6d730148775ead16daed81c10dafc2569b5a38d
beautifulsoup4==4.13.5 --hash=sha256:642085eaa22233aceadff9c69651bc51e8bf3f874fb6d7104ece2beb24b47c4a
cffi==1.17.1 --hash=sha256:2bb1a08b8008b281856e5971307cc386a8e9c5b625ac297e853d36da6efe9c17
click==8.1.8 --hash=sha256:63c132bbbed01578a06712a2d1f497bb62d9c1c0d329b7903a866228027263b2
cmaes==0.11.1 --hash=sha256:1de77d2175045389680619c1e9b6d59d90e7888524d9e440e1704ba001de9fcc
coral-pytorch==1.4.0 --hash=sha256:79912119327d1f341fe01e1753b11c34c1b81ca8fff747884f3e9edd4c9653cd
cryptography==44.0.3 --hash=sha256:3bb0847e6363c037df8f6ede57d88eaf3410ca2267fb12275370a76f85786a6f
decord==0.6.0 --hash=sha256:51997f20be8958e23b7c4061ba45d0efcd86bffd5fe81c695d0befee0d442976
Deprecated==1.2.18 --hash=sha256:bd5011788200372a32418f888e326a09ff80d0214bd961147cfed01b5c018eec
docker-pycreds==0.4.0 --hash=sha256:7266112468627868005106ec19cd0d722702d2b7d5912a28e19b826c3d37af49
ffmpeg-python==0.2.0 --hash=sha256:ac441a0404e053f8b6a1113a77c0f452f1cfc62f6344a769475ffdc0f56c23c5
filelock==3.16.1 --hash=sha256:2082e5703d51fbf98ea75855d9d5527e33d8ff23099bec374a134febee6946b0
flatbuffers==24.12.23 --hash=sha256:c418e0d48890f4142b92fd3e343e73a48f194e1f80075ddcc5793779b3585444
fsspec==2024.10.0 --hash=sha256:03b9a6785766a4de40368b88906366755e2819e758b83705c88cd7cb5fe81871
future==1.0.0 --hash=sha256:929292d34f5872e70396626ef385ec22355a1fae8ad29e1a734c3e43f9fbc216
ga4mp==2.0.4 --hash=sha256:11e5072b33a93917bbfcf5b44ee48d21e45124ef18e2a0f1275e1529df340de8
gdown==5.2.0 --hash=sha256:33083832d82b1101bdd0e9df3edd0fbc0e1c5f14c9d8c38d2a35bf1683b526d6
gitdb==4.0.12 --hash=sha256:67073e15955400952c6565cc3e707c554a4eea2e428946f7a4c162fab9bd9bcf
GitPython==3.1.44 --hash=sha256:9e0e10cda9bed1ee64bc9a6de50e7e38a9c9943241cd7f585f6df3ed28011110
iniconfig==2.3.0 --hash=sha256:f631c04d2c48c52b84d0d0549c99ff3859c98df65b3101406327ecc7d53fbf12
jax==0.4.38 --hash=sha256:78987306f7041ea8500d99df1a17c33ed92620c2268c4c3677fb24e06712be64
jaxlib==0.4.38 --hash=sha256:61aeccb9a27c67fdb8450f6357240019cd4511cb9d62a44e4764756d384853ad
kaleido==0.2.1 --hash=sha256:aa21cf1bf1c78f8fa50a9f7d45e1003c387bd3d6fe0a767cfbbf344b95bdc3a8
mediapipe==0.10.5 --hash=sha256:9410fc9a0b34d1edd00b5ff6ddf54fd49648527fa7e86db9f817442c4c080d5d
ml_dtypes==0.5.0 --hash=sha256:c7a9152f5876fef565516aa5dd1dccd6fc298a5891b2467973905103eb5c7856
opt_einsum==3.4.0 --hash=sha256:69bb92469f86a1565195ece4ac0323943e83477171b91d24c35afe028a90d7cd
optuna==4.3.0 --hash=sha256:0ea1a01c99c09cbdf3e2dcd9af01dea86778d9fa20ca26f0238a98e7462d8dcb
optunahub==0.3.1 --hash=sha256:37bade84d96eb72ffe120961f332bfea5b397015c7c16186a67ebbb97343ede2
pluggy==1.6.0 --hash=sha256:e920276dd6813095e9377c0bc5566d94c932c33b27a3e3945d8389c374dd4746
protobuf==3.20.3 --hash=sha256:9aae4406ea63d825636cc11ffb34ad3379335803216ee3a856787bcf5ccc751e
pycparser==2.22 --hash=sha256:c3702b6d3dd8c7abc1afa565d7e63d53a1d0bd86cdc24edd75470f4de499cfcc
pydantic==2.10.6 --hash=sha256:427d664bf0b8a2b34ff5dd0f5a18df00591adcee7198fbd71981054cef37b584
pydantic_core==2.27.2 --hash=sha256:47956ae78b6422cbd46f772f1746799cbb862de838fd8d1fbd34a82e05b0983a
PyGithub==2.6.1 --hash=sha256:6f2fa6d076ccae475f9fc392cc6cdbd54db985d4f69b8833a28397de75ed6ca3
PyJWT==2.10.1 --hash=sha256:dcdd193e30abefd5debf142f9adfcdd2b58004e644f25406ffaebd50bd98dacb
PyNaCl==1.5.0 --hash=sha256:0c84947a22519e013607c9be43706dd42513f9e6ae5d39d3613ca1e142fba44d
PySocks==1.7.1 --hash=sha256:2725bd0a9925919b9b51739eea5f9e2bae91e83288108a9ad338b2e3a4435ee5
pytest==9.0.2 --hash=sha256:711ffd45bf766d5264d487b917733b453d917afd2b0ad65223959f59089f875b
pytorch-ranger==0.1.1 --hash=sha256:1e69156c9cc8439185cb8ba4725b18c91947fbe72743e25aca937da8aeb0c8ec
regex==2024.11.6 --hash=sha256:997d6a487ff00807ba810e0f8332c18b4eb8d29463cfb7c820dc4b6e7562d0cf
safetensors==0.4.5 --hash=sha256:c6d156bdb26732feada84f9388a9f135528c1ef5b05fae153da365ad4319c4c5
sentencepiece==0.2.0 --hash=sha256:1380ce6540a368de2ef6d7e6ba14ba8f3258df650d39ba7d833b79ee68a52040
sentry-sdk==2.20.0 --hash=sha256:c359a1edf950eb5e80cffd7d9111f3dbeef57994cb4415df37d39fda2cf22364
setproctitle==1.3.4 --hash=sha256:06c16b7a91cdc5d700271899e4383384a61aae83a3d53d0e2e5a266376083342
smmap==5.0.2 --hash=sha256:b30115f0def7d7531d22a0fb6502488d879e75b260a9db4d0819cfb25403af5e
sounddevice==0.5.1 --hash=sha256:e2017f182888c3f3c280d9fbac92e5dbddac024a7e3442f6e6116bd79dab8a9c
soupsieve==2.8 --hash=sha256:0cc76456a30e20f5d7f2e14a98a4ae2ee4e5abdc7c5ea0aafe795f344bc7984c
stabilo==1.0.0 --hash=sha256:6af0557fea7bc389845c7fe55fb5c4dbe0431c0cc2c0051a4d9a9613ebfc30ff
torch-optimizer==0.3.0 --hash=sha256:7de8e57315e43561cdd0370a1b67303cc8ef1b053f9b5573de629a62390f2af9
./locks/artifacts/torchsort-0.1.10+pt25cu118-cp310-cp310-linux_x86_64.whl --hash=sha256:7b04df98becaed066a101801a73bcd068256afc398b5144fce3a53e801c128d7
tqdm==4.67.1 --hash=sha256:26445eca388f82e72884e0d580d5464cd801a3ea01e63e5601bdff9ba6a48de2
typing_extensions==4.15.0 --hash=sha256:f0fa19c6845758ab08074a0cfa8b7aecb71c999ca73d62883bc25cc018c4e548
wandb==0.19.6 --hash=sha256:fd9ae9a7f08e4d3972ba341c42af787e951689e0d1a76c111aa66d09bcdadafd
wrapt==1.17.2 --hash=sha256:b870b5df5b71d8c3359d21be8f0d6c485fa0ebdb6477dda51a1ea54a9b558061
